
Microsoft Visual Studio Solution File, Format Version 12.00
# Visual Studio Version 16
VisualStudioVersion = 16.0.30011.22
MinimumVisualStudioVersion = 10.0.40219.1
Project("{FAE04EC0-301F-11D3-BF4B-00C04F79EFBC}") = "basicform", "basicform\basicform.csproj", "{159AD2FE-1601-4FBA-B5BB-B9298935661B}"
EndProject
Global
	GlobalSection(SolutionConfigurationPlatforms) = preSolution
		Debug|Any CPU = Debug|Any CPU
		Release|Any CPU = Release|Any CPU
	EndGlobalSection
	GlobalSection(ProjectConfigurationPlatforms) = postSolution
		{159AD2FE-1601-4FBA-B5BB-B9298935661B}.Debug|Any CPU.ActiveCfg = Debug|Any CPU
		{159AD2FE-1601-4FBA-B5BB-B9298935661B}.Debug|Any CPU.Build.0 = Debug|Any CPU
		{159AD2FE-1601-4FBA-B5BB-B9298935661B}.Release|Any CPU.ActiveCfg = Release|Any CPU
		{159AD2FE-1601-4FBA-B5BB-B9298935661B}.Release|Any CPU.Build.0 = Release|Any CPU
	EndGlobalSection
	GlobalSection(SolutionProperties) = preSolution
		HideSolutionNode = FALSE
	EndGlobalSection
	GlobalSection(ExtensibilityGlobals) = postSolution
		SolutionGuid = {9E69F136-7719-49EC-B61D-C2D0A406E61D}
	EndGlobalSection
EndGlobal
